
Microsoft Visual Studio Solution File, Format Version 12.00
# Visual Studio Version 16
VisualStudioVersion = 16.0.29911.84
MinimumVisualStudioVersion = 10.0.40219.1
Project("{FAE04EC0-301F-11D3-BF4B-00C04F79EFBC}") = "OpenWeatherMapClient", "OpenWeatherMapClient\OpenWeatherMapClient.csproj", "{42E1A943-DEED-466C-A171-74F5D3D78EB1}"
EndProject
Project("{FAE04EC0-301F-11D3-BF4B-00C04F79EFBC}") = "OpenWeatherMapClient.UnitTests", "OpenWeatherMapClient.UnitTests\OpenWeatherMapClient.UnitTests.csproj", "{BB360403-4111-40CF-9ABB-2A5535CBFFE0}"
EndProject
Project("{FAE04EC0-301F-11D3-BF4B-00C04F79EFBC}") = "OpenWeatherMapClient.Example", "OpenWeatherMapClient.Example\OpenWeatherMapClient.Example.csproj", "{E2346114-FA07-4664-BDF3-51814EAC9526}"
EndProject
Global
	GlobalSection(SolutionConfigurationPlatforms) = preSolution
		Debug|Any CPU = Debug|Any CPU
		Release|Any CPU = Release|Any CPU
	EndGlobalSection
	GlobalSection(ProjectConfigurationPlatforms) = postSolution
		{42E1A943-DEED-466C-A171-74F5D3D78EB1}.Debug|Any CPU.ActiveCfg = Debug|Any CPU
		{42E1A943-DEED-466C-A171-74F5D3D78EB1}.Debug|Any CPU.Build.0 = Debug|Any CPU
		{42E1A943-DEED-466C-A171-74F5D3D78EB1}.Release|Any CPU.ActiveCfg = Release|Any CPU
		{42E1A943-DEED-466C-A171-74F5D3D78EB1}.Release|Any CPU.Build.0 = Release|Any CPU
		{BB360403-4111-40CF-9ABB-2A5535CBFFE0}.Debug|Any CPU.ActiveCfg = Debug|Any CPU
		{BB360403-4111-40CF-9ABB-2A5535CBFFE0}.Debug|Any CPU.Build.0 = Debug|Any CPU
		{BB360403-4111-40CF-9ABB-2A5535CBFFE0}.Release|Any CPU.ActiveCfg = Release|Any CPU
		{BB360403-4111-40CF-9ABB-2A5535CBFFE0}.Release|Any CPU.Build.0 = Release|Any CPU
		{E2346114-FA07-4664-BDF3-51814EAC9526}.Debug|Any CPU.ActiveCfg = Debug|Any CPU
		{E2346114-FA07-4664-BDF3-51814EAC9526}.Debug|Any CPU.Build.0 = Debug|Any CPU
		{E2346114-FA07-4664-BDF3-51814EAC9526}.Release|Any CPU.ActiveCfg = Release|Any CPU
		{E2346114-FA07-4664-BDF3-51814EAC9526}.Release|Any CPU.Build.0 = Release|Any CPU
	EndGlobalSection
	GlobalSection(SolutionProperties) = preSolution
		HideSolutionNode = FALSE
	EndGlobalSection
	GlobalSection(ExtensibilityGlobals) = postSolution
		SolutionGuid = {F1AC0070-3C7F-475C-A095-A3A1D945CCAA}
	EndGlobalSection
EndGlobal
